{
  "name": "suisei-worker",
  "version": "1.0.0",
  "lockfileVersion": 1,
  "requires": true,
  "dependencies": {
    "aws4fetch": {
      "version": "1.0.9",
      "resolved": "https://registry.npmjs.org/aws4fetch/-/aws4fetch-1.0.9.tgz",
      "integrity": "sha512-+cO/dm/d75vDYQ8GoH/YfZt2LpRS3W/7Ua8TcW0xvB53RtkMQ5yQJKoL/VHPRConLUU5u1xrUKqAh4J/zoi6mQ=="
    }
  }
}
