lockfileVersion: '6.0'

dependencies:
  buffer:
    specifier: ^6.0.3
    version: 6.0.3
  dayjs:
    specifier: ^1.11.7
    version: 1.11.7
  path-browserify:
    specifier: ^1.0.1
    version: 1.0.1
  podcast:
    specifier: 2.0.0
    version: 2.0.0

packages:

  /base64-js@1.5.1:
    resolution: {integrity: sha512-AKpaYlHn8t4SVbOHCy+b5+KKgvR4vrsD8vbvrbiQJps7fKDTkjkDry6ji0rUJjC0kzbNePLwzxq8iypo41qeWA==}
    dev: false

  /buffer@6.0.3:
    resolution: {integrity: sha512-FTiCpNxtwiZZHEZbcbTIcZjERVICn9yq/pDFkTl95/AxzD1naBctN7YO68riM/gLSDY7sdrMby8hofADYuuqOA==}
    dependencies:
      base64-js: 1.5.1
      ieee754: 1.2.1
    dev: false

  /dayjs@1.11.7:
    resolution: {integrity: sha512-+Yw9U6YO5TQohxLcIkrXBeY73WP3ejHWVvx8XCk3gxvQDCTEmS48ZrSZCKciI7Bhl/uCMyxYtE9UqRILmFphkQ==}
    dev: false

  /ieee754@1.2.1:
    resolution: {integrity: sha512-dcyqhDvX1C46lXZcVqCpK+FtMRQVdIMN6/Df5js2zouUsqG7I6sFxitIC+7KYK29KdXOLHdu9zL4sFnoVQnqaA==}
    dev: false

  /mime-db@1.25.0:
    resolution: {integrity: sha512-5k547tI4Cy+Lddr/hdjNbBEWBwSl8EBc5aSdKvedav8DReADgWJzcYiktaRIw3GtGC1jjwldXtTzvqJZmtvC7w==}
    engines: {node: '>= 0.6'}
    dev: false

  /mime-types@2.1.13:
    resolution: {integrity: sha512-ryBDp1Z/6X90UvjUK3RksH0IBPM137T7cmg4OgD5wQBojlAiUwuok0QeELkim/72EtcYuNlmbkrcGuxj3Kl0YQ==}
    engines: {node: '>= 0.6'}
    dependencies:
      mime-db: 1.25.0
    dev: false

  /path-browserify@1.0.1:
    resolution: {integrity: sha512-b7uo2UCUOYZcnF/3ID0lulOJi/bafxa1xPe7ZPsammBSpjSWQkjNxlt635YGS2MiR9GjvuXCtz2emr3jbsz98g==}
    dev: false

  /podcast@2.0.0:
    resolution: {integrity: sha512-1NZe7cVabfkcMe39yOOhBMJrXC6OROLOIBkfEPayiJL59ncyJmOeO5bxolSCSGroho8jQ0zURMczyICI1U/xbw==}
    dependencies:
      rss: 1.2.2
    dev: false

  /rss@1.2.2:
    resolution: {integrity: sha512-xUhRTgslHeCBeHAqaWSbOYTydN2f0tAzNXvzh3stjz7QDhQMzdgHf3pfgNIngeytQflrFPfy6axHilTETr6gDg==}
    dependencies:
      mime-types: 2.1.13
      xml: 1.0.1
    dev: false

  /xml@1.0.1:
    resolution: {integrity: sha512-huCv9IH9Tcf95zuYCsQraZtWnJvBtLVE0QHMOs8bWyZAFZNDcYjsPq1nEx8jKA9y+Beo9v+7OBPRisQTjinQMw==}
    dev: false
